
Microsoft Visual Studio Solution File, Format Version 12.00
# Visual Studio Version 17
VisualStudioVersion = 17.0.32112.339
MinimumVisualStudioVersion = 10.0.40219.1
Project("{FAE04EC0-301F-11D3-BF4B-00C04F79EFBC}") = "Ppt_01", "Ppt_01\Ppt_01.csproj", "{AB117155-E1D2-4647-A9A6-F549F14FB9BD}"
EndProject
Global
	GlobalSection(SolutionConfigurationPlatforms) = preSolution
		Debug|Any CPU = Debug|Any CPU
		Release|Any CPU = Release|Any CPU
	EndGlobalSection
	GlobalSection(ProjectConfigurationPlatforms) = postSolution
		{AB117155-E1D2-4647-A9A6-F549F14FB9BD}.Debug|Any CPU.ActiveCfg = Debug|Any CPU
		{AB117155-E1D2-4647-A9A6-F549F14FB9BD}.Debug|Any CPU.Build.0 = Debug|Any CPU
		{AB117155-E1D2-4647-A9A6-F549F14FB9BD}.Release|Any CPU.ActiveCfg = Release|Any CPU
		{AB117155-E1D2-4647-A9A6-F549F14FB9BD}.Release|Any CPU.Build.0 = Release|Any CPU
	EndGlobalSection
	GlobalSection(SolutionProperties) = preSolution
		HideSolutionNode = FALSE
	EndGlobalSection
	GlobalSection(ExtensibilityGlobals) = postSolution
		SolutionGuid = {C3B72C24-3A2E-40A3-B89B-74176329CBE6}
	EndGlobalSection
EndGlobal
